
Microsoft Visual Studio Solution File, Format Version 12.00
# Visual Studio Version 17
VisualStudioVersion = 17.2.32519.379
MinimumVisualStudioVersion = 10.0.40219.1
Project("{FAE04EC0-301F-11D3-BF4B-00C04F79EFBC}") = "AgendaApi", "AgendaApi\AgendaApi.csproj", "{F476901F-EBCF-48F2-83F8-FF1BF7477F3A}"
EndProject
Global
	GlobalSection(SolutionConfigurationPlatforms) = preSolution
		Debug|Any CPU = Debug|Any CPU
		Release|Any CPU = Release|Any CPU
	EndGlobalSection
	GlobalSection(ProjectConfigurationPlatforms) = postSolution
		{F476901F-EBCF-48F2-83F8-FF1BF7477F3A}.Debug|Any CPU.ActiveCfg = Debug|Any CPU
		{F476901F-EBCF-48F2-83F8-FF1BF7477F3A}.Debug|Any CPU.Build.0 = Debug|Any CPU
		{F476901F-EBCF-48F2-83F8-FF1BF7477F3A}.Release|Any CPU.ActiveCfg = Release|Any CPU
		{F476901F-EBCF-48F2-83F8-FF1BF7477F3A}.Release|Any CPU.Build.0 = Release|Any CPU
	EndGlobalSection
	GlobalSection(SolutionProperties) = preSolution
		HideSolutionNode = FALSE
	EndGlobalSection
	GlobalSection(ExtensibilityGlobals) = postSolution
		SolutionGuid = {580DE539-AFA7-4127-A2D2-861CF912F2BF}
	EndGlobalSection
EndGlobal
